# THIS IS AN AUTOGENERATED FILE. DO NOT EDIT THIS FILE DIRECTLY.
# yarn lockfile v1


g@^2.0.1:
  version "2.0.1"
  resolved "https://registry.yarnpkg.com/g/-/g-2.0.1.tgz#0b5963ebd0ca70e3bc8c6766934a021821c8b857"
  integrity sha512-Fi6Ng5fZ/ANLQ15H11hCe+09sgUoNvDEBevVgx3KoYOhsH5iLNPn54hx0jPZ+3oSWr+xajnp2Qau9VmPsc7hTA==

lua-types@^2.13.1:
  version "2.13.1"
  resolved "https://registry.yarnpkg.com/lua-types/-/lua-types-2.13.1.tgz#8df705ae47617d4a2f189d727f075ca36e690bdb"
  integrity sha512-rRwtvX6kS+5MpuO3xpvKsnYjdSDDI064Qq1OqX8gY+r+0l7m3dFLiZPDFoHqH22jaBpEvcHcPs6+WD7qkdmFsA==

tslib@^2.6.1:
  version "2.6.1"
  resolved "https://registry.yarnpkg.com/tslib/-/tslib-2.6.1.tgz#fd8c9a0ff42590b25703c0acb3de3d3f4ede0410"
  integrity sha512-t0hLfiEKfMUoqhG+U1oid7Pva4bbDPHYfJNiB7BiIjRkj1pyC++4N3huJfqY6aRH6VTB0rvtzQwjM4K6qpfOig==
